
Microsoft Visual Studio Solution File, Format Version 12.00
# Visual Studio Version 16
VisualStudioVersion = 16.0.29424.173
MinimumVisualStudioVersion = 10.0.40219.1
Project("{FAE04EC0-301F-11D3-BF4B-00C04F79EFBC}") = "WebDataEntry.Tests", "WebDataEntry.Tests\WebDataEntry.Tests.csproj", "{DE25BCF6-E6AE-4605-85B2-96A88BCCE460}"
EndProject
Project("{FAE04EC0-301F-11D3-BF4B-00C04F79EFBC}") = "DiaryDatabase", "DiaryDatabase\DiaryDatabase.csproj", "{3B3D0B2F-879E-4D2B-88F7-0300017EA71B}"
EndProject
Project("{FAE04EC0-301F-11D3-BF4B-00C04F79EFBC}") = "WebDataEntry.Web", "WebDataEntry.Web\WebDataEntry.Web.csproj", "{0268EA67-A7AD-4E25-8838-22F725E58BC3}"
EndProject
Project("{FAE04EC0-301F-11D3-BF4B-00C04F79EFBC}") = "WebDataEntry.Owin", "WebDataEntry.Owin\WebDataEntry.Owin.csproj", "{FF5A4F13-1BF6-46E4-AEF3-78C3A32BCC6B}"
EndProject
Project("{9A19103F-16F7-4668-BE54-9A1E7A4F7556}") = "Strava.NET", "Heatmap\strava-net-master\src\Strava.NET.csproj", "{84AA9A6D-B31A-44EB-A35F-E7E4E99D835B}"
EndProject
Project("{9A19103F-16F7-4668-BE54-9A1E7A4F7556}") = "HeatmapData", "Heatmap\HeatmapData\HeatmapData.csproj", "{E1A058A2-5CB6-458F-9DAE-444749B341C7}"
EndProject
Project("{FAE04EC0-301F-11D3-BF4B-00C04F79EFBC}") = "DocXLib", "DocXLib\DocXLib.csproj", "{3E567B0E-2C1D-4B0D-ADB1-14B4F1BFB05B}"
EndProject
Project("{FAE04EC0-301F-11D3-BF4B-00C04F79EFBC}") = "DocXConsole", "DocXConsole\DocXConsole.csproj", "{EB4537DD-3250-40F0-81FD-D0EF2584F885}"
EndProject
Project("{FAE04EC0-301F-11D3-BF4B-00C04F79EFBC}") = "DocXWinform", "DocXWinform\DocXWinform.csproj", "{D1C7EFD7-DEC4-4864-85F1-CD6953A8964C}"
EndProject
Project("{FAE04EC0-301F-11D3-BF4B-00C04F79EFBC}") = "NetCoreLib", "NetCoreLib\NetCoreLib.csproj", "{A7EE8B84-4D68-4941-AFDF-00D1B9554460}"
EndProject
Global
	GlobalSection(SolutionConfigurationPlatforms) = preSolution
		Debug|Any CPU = Debug|Any CPU
		Debug|Mixed Platforms = Debug|Mixed Platforms
		Debug|x86 = Debug|x86
		Release|Any CPU = Release|Any CPU
		Release|Mixed Platforms = Release|Mixed Platforms
		Release|x86 = Release|x86
	EndGlobalSection
	GlobalSection(ProjectConfigurationPlatforms) = postSolution
		{DE25BCF6-E6AE-4605-85B2-96A88BCCE460}.Debug|Any CPU.ActiveCfg = Debug|Any CPU
		{DE25BCF6-E6AE-4605-85B2-96A88BCCE460}.Debug|Any CPU.Build.0 = Debug|Any CPU
		{DE25BCF6-E6AE-4605-85B2-96A88BCCE460}.Debug|Mixed Platforms.ActiveCfg = Debug|Any CPU
		{DE25BCF6-E6AE-4605-85B2-96A88BCCE460}.Debug|Mixed Platforms.Build.0 = Debug|Any CPU
		{DE25BCF6-E6AE-4605-85B2-96A88BCCE460}.Debug|x86.ActiveCfg = Debug|Any CPU
		{DE25BCF6-E6AE-4605-85B2-96A88BCCE460}.Debug|x86.Build.0 = Debug|Any CPU
		{DE25BCF6-E6AE-4605-85B2-96A88BCCE460}.Release|Any CPU.ActiveCfg = Release|Any CPU
		{DE25BCF6-E6AE-4605-85B2-96A88BCCE460}.Release|Any CPU.Build.0 = Release|Any CPU
		{DE25BCF6-E6AE-4605-85B2-96A88BCCE460}.Release|Mixed Platforms.ActiveCfg = Release|Any CPU
		{DE25BCF6-E6AE-4605-85B2-96A88BCCE460}.Release|Mixed Platforms.Build.0 = Release|Any CPU
		{DE25BCF6-E6AE-4605-85B2-96A88BCCE460}.Release|x86.ActiveCfg = Release|Any CPU
		{3B3D0B2F-879E-4D2B-88F7-0300017EA71B}.Debug|Any CPU.ActiveCfg = Debug|Any CPU
		{3B3D0B2F-879E-4D2B-88F7-0300017EA71B}.Debug|Any CPU.Build.0 = Debug|Any CPU
		{3B3D0B2F-879E-4D2B-88F7-0300017EA71B}.Debug|Mixed Platforms.ActiveCfg = Debug|Any CPU
		{3B3D0B2F-879E-4D2B-88F7-0300017EA71B}.Debug|Mixed Platforms.Build.0 = Debug|Any CPU
		{3B3D0B2F-879E-4D2B-88F7-0300017EA71B}.Debug|x86.ActiveCfg = Debug|Any CPU
		{3B3D0B2F-879E-4D2B-88F7-0300017EA71B}.Debug|x86.Build.0 = Debug|Any CPU
		{3B3D0B2F-879E-4D2B-88F7-0300017EA71B}.Release|Any CPU.ActiveCfg = Release|Any CPU
		{3B3D0B2F-879E-4D2B-88F7-0300017EA71B}.Release|Any CPU.Build.0 = Release|Any CPU
		{3B3D0B2F-879E-4D2B-88F7-0300017EA71B}.Release|Mixed Platforms.ActiveCfg = Release|Any CPU
		{3B3D0B2F-879E-4D2B-88F7-0300017EA71B}.Release|Mixed Platforms.Build.0 = Release|Any CPU
		{3B3D0B2F-879E-4D2B-88F7-0300017EA71B}.Release|x86.ActiveCfg = Release|Any CPU
		{0268EA67-A7AD-4E25-8838-22F725E58BC3}.Debug|Any CPU.ActiveCfg = Debug|Any CPU
		{0268EA67-A7AD-4E25-8838-22F725E58BC3}.Debug|Any CPU.Build.0 = Debug|Any CPU
		{0268EA67-A7AD-4E25-8838-22F725E58BC3}.Debug|Mixed Platforms.ActiveCfg = Debug|Any CPU
		{0268EA67-A7AD-4E25-8838-22F725E58BC3}.Debug|Mixed Platforms.Build.0 = Debug|Any CPU
		{0268EA67-A7AD-4E25-8838-22F725E58BC3}.Debug|x86.ActiveCfg = Debug|Any CPU
		{0268EA67-A7AD-4E25-8838-22F725E58BC3}.Release|Any CPU.ActiveCfg = Release|Any CPU
		{0268EA67-A7AD-4E25-8838-22F725E58BC3}.Release|Any CPU.Build.0 = Release|Any CPU
		{0268EA67-A7AD-4E25-8838-22F725E58BC3}.Release|Mixed Platforms.ActiveCfg = Release|Any CPU
		{0268EA67-A7AD-4E25-8838-22F725E58BC3}.Release|Mixed Platforms.Build.0 = Release|Any CPU
		{0268EA67-A7AD-4E25-8838-22F725E58BC3}.Release|x86.ActiveCfg = Release|Any CPU
		{FF5A4F13-1BF6-46E4-AEF3-78C3A32BCC6B}.Debug|Any CPU.ActiveCfg = Debug|Any CPU
		{FF5A4F13-1BF6-46E4-AEF3-78C3A32BCC6B}.Debug|Any CPU.Build.0 = Debug|Any CPU
		{FF5A4F13-1BF6-46E4-AEF3-78C3A32BCC6B}.Debug|Mixed Platforms.ActiveCfg = Debug|Any CPU
		{FF5A4F13-1BF6-46E4-AEF3-78C3A32BCC6B}.Debug|Mixed Platforms.Build.0 = Debug|Any CPU
		{FF5A4F13-1BF6-46E4-AEF3-78C3A32BCC6B}.Debug|x86.ActiveCfg = Debug|Any CPU
		{FF5A4F13-1BF6-46E4-AEF3-78C3A32BCC6B}.Debug|x86.Build.0 = Debug|Any CPU
		{FF5A4F13-1BF6-46E4-AEF3-78C3A32BCC6B}.Release|Any CPU.ActiveCfg = Release|Any CPU
		{FF5A4F13-1BF6-46E4-AEF3-78C3A32BCC6B}.Release|Any CPU.Build.0 = Release|Any CPU
		{FF5A4F13-1BF6-46E4-AEF3-78C3A32BCC6B}.Release|Mixed Platforms.ActiveCfg = Release|Any CPU
		{FF5A4F13-1BF6-46E4-AEF3-78C3A32BCC6B}.Release|Mixed Platforms.Build.0 = Release|Any CPU
		{FF5A4F13-1BF6-46E4-AEF3-78C3A32BCC6B}.Release|x86.ActiveCfg = Release|Any CPU
		{FF5A4F13-1BF6-46E4-AEF3-78C3A32BCC6B}.Release|x86.Build.0 = Release|Any CPU
		{84AA9A6D-B31A-44EB-A35F-E7E4E99D835B}.Debug|Any CPU.ActiveCfg = Debug|Any CPU
		{84AA9A6D-B31A-44EB-A35F-E7E4E99D835B}.Debug|Any CPU.Build.0 = Debug|Any CPU
		{84AA9A6D-B31A-44EB-A35F-E7E4E99D835B}.Debug|Mixed Platforms.ActiveCfg = Debug|Any CPU
		{84AA9A6D-B31A-44EB-A35F-E7E4E99D835B}.Debug|Mixed Platforms.Build.0 = Debug|Any CPU
		{84AA9A6D-B31A-44EB-A35F-E7E4E99D835B}.Debug|x86.ActiveCfg = Debug|Any CPU
		{84AA9A6D-B31A-44EB-A35F-E7E4E99D835B}.Debug|x86.Build.0 = Debug|Any CPU
		{84AA9A6D-B31A-44EB-A35F-E7E4E99D835B}.Release|Any CPU.ActiveCfg = Release|Any CPU
		{84AA9A6D-B31A-44EB-A35F-E7E4E99D835B}.Release|Any CPU.Build.0 = Release|Any CPU
		{84AA9A6D-B31A-44EB-A35F-E7E4E99D835B}.Release|Mixed Platforms.ActiveCfg = Release|Any CPU
		{84AA9A6D-B31A-44EB-A35F-E7E4E99D835B}.Release|Mixed Platforms.Build.0 = Release|Any CPU
		{84AA9A6D-B31A-44EB-A35F-E7E4E99D835B}.Release|x86.ActiveCfg = Release|Any CPU
		{84AA9A6D-B31A-44EB-A35F-E7E4E99D835B}.Release|x86.Build.0 = Release|Any CPU
		{E1A058A2-5CB6-458F-9DAE-444749B341C7}.Debug|Any CPU.ActiveCfg = Debug|Any CPU
		{E1A058A2-5CB6-458F-9DAE-444749B341C7}.Debug|Any CPU.Build.0 = Debug|Any CPU
		{E1A058A2-5CB6-458F-9DAE-444749B341C7}.Debug|Mixed Platforms.ActiveCfg = Debug|Any CPU
		{E1A058A2-5CB6-458F-9DAE-444749B341C7}.Debug|Mixed Platforms.Build.0 = Debug|Any CPU
		{E1A058A2-5CB6-458F-9DAE-444749B341C7}.Debug|x86.ActiveCfg = Debug|Any CPU
		{E1A058A2-5CB6-458F-9DAE-444749B341C7}.Debug|x86.Build.0 = Debug|Any CPU
		{E1A058A2-5CB6-458F-9DAE-444749B341C7}.Release|Any CPU.ActiveCfg = Release|Any CPU
		{E1A058A2-5CB6-458F-9DAE-444749B341C7}.Release|Any CPU.Build.0 = Release|Any CPU
		{E1A058A2-5CB6-458F-9DAE-444749B341C7}.Release|Mixed Platforms.ActiveCfg = Release|Any CPU
		{E1A058A2-5CB6-458F-9DAE-444749B341C7}.Release|Mixed Platforms.Build.0 = Release|Any CPU
		{E1A058A2-5CB6-458F-9DAE-444749B341C7}.Release|x86.ActiveCfg = Release|Any CPU
		{E1A058A2-5CB6-458F-9DAE-444749B341C7}.Release|x86.Build.0 = Release|Any CPU
		{3E567B0E-2C1D-4B0D-ADB1-14B4F1BFB05B}.Debug|Any CPU.ActiveCfg = Debug|Any CPU
		{3E567B0E-2C1D-4B0D-ADB1-14B4F1BFB05B}.Debug|Any CPU.Build.0 = Debug|Any CPU
		{3E567B0E-2C1D-4B0D-ADB1-14B4F1BFB05B}.Debug|Mixed Platforms.ActiveCfg = Debug|Any CPU
		{3E567B0E-2C1D-4B0D-ADB1-14B4F1BFB05B}.Debug|Mixed Platforms.Build.0 = Debug|Any CPU
		{3E567B0E-2C1D-4B0D-ADB1-14B4F1BFB05B}.Debug|x86.ActiveCfg = Debug|Any CPU
		{3E567B0E-2C1D-4B0D-ADB1-14B4F1BFB05B}.Debug|x86.Build.0 = Debug|Any CPU
		{3E567B0E-2C1D-4B0D-ADB1-14B4F1BFB05B}.Release|Any CPU.ActiveCfg = Release|Any CPU
		{3E567B0E-2C1D-4B0D-ADB1-14B4F1BFB05B}.Release|Any CPU.Build.0 = Release|Any CPU
		{3E567B0E-2C1D-4B0D-ADB1-14B4F1BFB05B}.Release|Mixed Platforms.ActiveCfg = Release|Any CPU
		{3E567B0E-2C1D-4B0D-ADB1-14B4F1BFB05B}.Release|Mixed Platforms.Build.0 = Release|Any CPU
		{3E567B0E-2C1D-4B0D-ADB1-14B4F1BFB05B}.Release|x86.ActiveCfg = Release|Any CPU
		{3E567B0E-2C1D-4B0D-ADB1-14B4F1BFB05B}.Release|x86.Build.0 = Release|Any CPU
		{EB4537DD-3250-40F0-81FD-D0EF2584F885}.Debug|Any CPU.ActiveCfg = Debug|Any CPU
		{EB4537DD-3250-40F0-81FD-D0EF2584F885}.Debug|Any CPU.Build.0 = Debug|Any CPU
		{EB4537DD-3250-40F0-81FD-D0EF2584F885}.Debug|Mixed Platforms.ActiveCfg = Debug|Any CPU
		{EB4537DD-3250-40F0-81FD-D0EF2584F885}.Debug|Mixed Platforms.Build.0 = Debug|Any CPU
		{EB4537DD-3250-40F0-81FD-D0EF2584F885}.Debug|x86.ActiveCfg = Debug|Any CPU
		{EB4537DD-3250-40F0-81FD-D0EF2584F885}.Debug|x86.Build.0 = Debug|Any CPU
		{EB4537DD-3250-40F0-81FD-D0EF2584F885}.Release|Any CPU.ActiveCfg = Release|Any CPU
		{EB4537DD-3250-40F0-81FD-D0EF2584F885}.Release|Any CPU.Build.0 = Release|Any CPU
		{EB4537DD-3250-40F0-81FD-D0EF2584F885}.Release|Mixed Platforms.ActiveCfg = Release|Any CPU
		{EB4537DD-3250-40F0-81FD-D0EF2584F885}.Release|Mixed Platforms.Build.0 = Release|Any CPU
		{EB4537DD-3250-40F0-81FD-D0EF2584F885}.Release|x86.ActiveCfg = Release|Any CPU
		{EB4537DD-3250-40F0-81FD-D0EF2584F885}.Release|x86.Build.0 = Release|Any CPU
		{D1C7EFD7-DEC4-4864-85F1-CD6953A8964C}.Debug|Any CPU.ActiveCfg = Debug|Any CPU
		{D1C7EFD7-DEC4-4864-85F1-CD6953A8964C}.Debug|Any CPU.Build.0 = Debug|Any CPU
		{D1C7EFD7-DEC4-4864-85F1-CD6953A8964C}.Debug|Mixed Platforms.ActiveCfg = Debug|Any CPU
		{D1C7EFD7-DEC4-4864-85F1-CD6953A8964C}.Debug|Mixed Platforms.Build.0 = Debug|Any CPU
		{D1C7EFD7-DEC4-4864-85F1-CD6953A8964C}.Debug|x86.ActiveCfg = Debug|Any CPU
		{D1C7EFD7-DEC4-4864-85F1-CD6953A8964C}.Debug|x86.Build.0 = Debug|Any CPU
		{D1C7EFD7-DEC4-4864-85F1-CD6953A8964C}.Release|Any CPU.ActiveCfg = Release|Any CPU
		{D1C7EFD7-DEC4-4864-85F1-CD6953A8964C}.Release|Any CPU.Build.0 = Release|Any CPU
		{D1C7EFD7-DEC4-4864-85F1-CD6953A8964C}.Release|Mixed Platforms.ActiveCfg = Release|Any CPU
		{D1C7EFD7-DEC4-4864-85F1-CD6953A8964C}.Release|Mixed Platforms.Build.0 = Release|Any CPU
		{D1C7EFD7-DEC4-4864-85F1-CD6953A8964C}.Release|x86.ActiveCfg = Release|Any CPU
		{D1C7EFD7-DEC4-4864-85F1-CD6953A8964C}.Release|x86.Build.0 = Release|Any CPU
		{A7EE8B84-4D68-4941-AFDF-00D1B9554460}.Debug|Any CPU.ActiveCfg = Debug|Any CPU
		{A7EE8B84-4D68-4941-AFDF-00D1B9554460}.Debug|Any CPU.Build.0 = Debug|Any CPU
		{A7EE8B84-4D68-4941-AFDF-00D1B9554460}.Debug|Mixed Platforms.ActiveCfg = Debug|Any CPU
		{A7EE8B84-4D68-4941-AFDF-00D1B9554460}.Debug|Mixed Platforms.Build.0 = Debug|Any CPU
		{A7EE8B84-4D68-4941-AFDF-00D1B9554460}.Debug|x86.ActiveCfg = Debug|Any CPU
		{A7EE8B84-4D68-4941-AFDF-00D1B9554460}.Debug|x86.Build.0 = Debug|Any CPU
		{A7EE8B84-4D68-4941-AFDF-00D1B9554460}.Release|Any CPU.ActiveCfg = Release|Any CPU
		{A7EE8B84-4D68-4941-AFDF-00D1B9554460}.Release|Any CPU.Build.0 = Release|Any CPU
		{A7EE8B84-4D68-4941-AFDF-00D1B9554460}.Release|Mixed Platforms.ActiveCfg = Release|Any CPU
		{A7EE8B84-4D68-4941-AFDF-00D1B9554460}.Release|Mixed Platforms.Build.0 = Release|Any CPU
		{A7EE8B84-4D68-4941-AFDF-00D1B9554460}.Release|x86.ActiveCfg = Release|Any CPU
		{A7EE8B84-4D68-4941-AFDF-00D1B9554460}.Release|x86.Build.0 = Release|Any CPU
	EndGlobalSection
	GlobalSection(SolutionProperties) = preSolution
		HideSolutionNode = FALSE
	EndGlobalSection
	GlobalSection(ExtensibilityGlobals) = postSolution
		SolutionGuid = {0B00315B-F131-4C8A-A1DA-1A23075B91E0}
	EndGlobalSection
EndGlobal
