
Microsoft Visual Studio Solution File, Format Version 12.00
# Visual Studio Version 16
VisualStudioVersion = 16.0.30225.117
MinimumVisualStudioVersion = 10.0.40219.1
Project("{FAE04EC0-301F-11D3-BF4B-00C04F79EFBC}") = "DocXLib", "DocXLib.csproj", "{3E567B0E-2C1D-4B0D-ADB1-14B4F1BFB05B}"
EndProject
Project("{FAE04EC0-301F-11D3-BF4B-00C04F79EFBC}") = "DocXConsole", "..\DocXConsole\DocXConsole.csproj", "{EB4537DD-3250-40F0-81FD-D0EF2584F885}"
EndProject
Project("{FAE04EC0-301F-11D3-BF4B-00C04F79EFBC}") = "WebDataEntry.Web", "..\..\mggit\martingayCoUk\WebDataEntry.Web\WebDataEntry.Web.csproj", "{0268EA67-A7AD-4E25-8838-22F725E58BC3}"
EndProject
Global
	GlobalSection(SolutionConfigurationPlatforms) = preSolution
		Debug|Any CPU = Debug|Any CPU
		Release|Any CPU = Release|Any CPU
	EndGlobalSection
	GlobalSection(ProjectConfigurationPlatforms) = postSolution
		{3E567B0E-2C1D-4B0D-ADB1-14B4F1BFB05B}.Debug|Any CPU.ActiveCfg = Debug|Any CPU
		{3E567B0E-2C1D-4B0D-ADB1-14B4F1BFB05B}.Debug|Any CPU.Build.0 = Debug|Any CPU
		{3E567B0E-2C1D-4B0D-ADB1-14B4F1BFB05B}.Release|Any CPU.ActiveCfg = Release|Any CPU
		{3E567B0E-2C1D-4B0D-ADB1-14B4F1BFB05B}.Release|Any CPU.Build.0 = Release|Any CPU
		{EB4537DD-3250-40F0-81FD-D0EF2584F885}.Debug|Any CPU.ActiveCfg = Debug|Any CPU
		{EB4537DD-3250-40F0-81FD-D0EF2584F885}.Debug|Any CPU.Build.0 = Debug|Any CPU
		{EB4537DD-3250-40F0-81FD-D0EF2584F885}.Release|Any CPU.ActiveCfg = Release|Any CPU
		{EB4537DD-3250-40F0-81FD-D0EF2584F885}.Release|Any CPU.Build.0 = Release|Any CPU
		{0268EA67-A7AD-4E25-8838-22F725E58BC3}.Debug|Any CPU.ActiveCfg = Debug|Any CPU
		{0268EA67-A7AD-4E25-8838-22F725E58BC3}.Debug|Any CPU.Build.0 = Debug|Any CPU
		{0268EA67-A7AD-4E25-8838-22F725E58BC3}.Release|Any CPU.ActiveCfg = Release|Any CPU
		{0268EA67-A7AD-4E25-8838-22F725E58BC3}.Release|Any CPU.Build.0 = Release|Any CPU
	EndGlobalSection
	GlobalSection(SolutionProperties) = preSolution
		HideSolutionNode = FALSE
	EndGlobalSection
	GlobalSection(ExtensibilityGlobals) = postSolution
		SolutionGuid = {2F7EFE2E-CECB-4FAC-A862-9F892DC52F05}
	EndGlobalSection
EndGlobal
